
Microsoft Visual Studio Solution File, Format Version 12.00
# Visual Studio Version 17
VisualStudioVersion = 17.8.34511.84
MinimumVisualStudioVersion = 10.0.40219.1
Project("{FAE04EC0-301F-11D3-BF4B-00C04F79EFBC}") = "HPCakes", "HPCakes\HPCakes.csproj", "{97E1F23D-7A76-43E6-A574-242A090E24A2}"
EndProject
Global
	GlobalSection(SolutionConfigurationPlatforms) = preSolution
		Debug|Any CPU = Debug|Any CPU
		Release|Any CPU = Release|Any CPU
	EndGlobalSection
	GlobalSection(ProjectConfigurationPlatforms) = postSolution
		{97E1F23D-7A76-43E6-A574-242A090E24A2}.Debug|Any CPU.ActiveCfg = Debug|Any CPU
		{97E1F23D-7A76-43E6-A574-242A090E24A2}.Debug|Any CPU.Build.0 = Debug|Any CPU
		{97E1F23D-7A76-43E6-A574-242A090E24A2}.Release|Any CPU.ActiveCfg = Release|Any CPU
		{97E1F23D-7A76-43E6-A574-242A090E24A2}.Release|Any CPU.Build.0 = Release|Any CPU
	EndGlobalSection
	GlobalSection(SolutionProperties) = preSolution
		HideSolutionNode = FALSE
	EndGlobalSection
	GlobalSection(ExtensibilityGlobals) = postSolution
		SolutionGuid = {2E30618E-1DF4-4111-A275-7CC9BE969127}
	EndGlobalSection
EndGlobal
